packages:
  - name: dbt_utils
    package: dbt-labs/dbt_utils
    version: 1.3.0
  - name: codegen
    package: dbt-labs/codegen
    version: 0.12.1
  - name: dbt_expectations
    package: metaplane/dbt_expectations
    version: 0.10.10
  - name: dbt_date
    package: godatadriven/dbt_date
    version: 0.17.2
sha1_hash: 2c0861b10a60e0aa0cf43676b09f3622aee411d5
